{
    "version": 3,
    "terraform_version": "0.11.14",
    "serial": 16,
    "lineage": "0b7cb2cd-bef7-3cf2-fdae-fe595fdc850f",
    "modules": [
        {
            "path": [
                "root"
            ],
            "outputs": {},
            "resources": {
                "azurerm_resource_group.demo": {
                    "type": "azurerm_resource_group",
                    "depends_on": [],
                    "primary": {
                        "id": "/subscriptions/b6885f0f-19fe-4d58-bf52-7d0dd407a6e4/resourceGroups/rgxauecmvnw01",
                        "attributes": {
                            "id": "/subscriptions/b6885f0f-19fe-4d58-bf52-7d0dd407a6e4/resourceGroups/rgxauecmvnw01",
                            "location": "eastus",
                            "name": "rgxauecmvnw01",
                            "tags.%": "0"
                        },
                        "meta": {},
                        "tainted": false
                    },
                    "deposed": [],
                    "provider": "provider.azurerm"
                },
                "azurerm_storage_account.demo": {
                    "type": "azurerm_storage_account",
                    "depends_on": [
                        "azurerm_resource_group.demo"
                    ],
                    "primary": {
                        "id": "/subscriptions/b6885f0f-19fe-4d58-bf52-7d0dd407a6e4/resourceGroups/rgxauecmvnw01/providers/Microsoft.Storage/storageAccounts/sasred",
                        "attributes": {
                            "access_tier": "",
                            "account_encryption_source": "Microsoft.Storage",
                            "account_kind": "Storage",
                            "account_replication_type": "LRS",
                            "account_tier": "Standard",
                            "account_type": "Standard_LRS",
                            "enable_blob_encryption": "true",
                            "enable_file_encryption": "true",
                            "enable_https_traffic_only": "false",
                            "id": "/subscriptions/b6885f0f-19fe-4d58-bf52-7d0dd407a6e4/resourceGroups/rgxauecmvnw01/providers/Microsoft.Storage/storageAccounts/sasred",
                            "identity.#": "0",
                            "is_hns_enabled": "false",
                            "location": "eastus",
                            "name": "sasred",
                            "network_rules.#": "0",
                            "primary_access_key": "iEpcu4Fc+WaTS4U83BtF8DHcISTzDCWfCFC2pPB5M57z5LuDO++ja7uAPy14J38nx5eUunck1Eba6J5osnVl0Q==",
                            "primary_blob_connection_string": "DefaultEndpointsProtocol=https;BlobEndpoint=https://sasred.blob.core.windows.net/;AccountName=sasred;AccountKey=iEpcu4Fc+WaTS4U83BtF8DHcISTzDCWfCFC2pPB5M57z5LuDO++ja7uAPy14J38nx5eUunck1Eba6J5osnVl0Q==",
                            "primary_blob_endpoint": "https://sasred.blob.core.windows.net/",
                            "primary_blob_host": "sasred.blob.core.windows.net",
                            "primary_connection_string": "DefaultEndpointsProtocol=https;AccountName=sasred;AccountKey=iEpcu4Fc+WaTS4U83BtF8DHcISTzDCWfCFC2pPB5M57z5LuDO++ja7uAPy14J38nx5eUunck1Eba6J5osnVl0Q==;EndpointSuffix=core.windows.net",
                            "primary_dfs_endpoint": "",
                            "primary_dfs_host": "",
                            "primary_file_endpoint": "https://sasred.file.core.windows.net/",
                            "primary_file_host": "sasred.file.core.windows.net",
                            "primary_location": "eastus",
                            "primary_queue_endpoint": "https://sasred.queue.core.windows.net/",
                            "primary_queue_host": "sasred.queue.core.windows.net",
                            "primary_table_endpoint": "https://sasred.table.core.windows.net/",
                            "primary_table_host": "sasred.table.core.windows.net",
                            "primary_web_endpoint": "",
                            "primary_web_host": "",
                            "resource_group_name": "rgxauecmvnw01",
                            "secondary_access_key": "WQCP3r42t+abj1ZNPuHksaiE7cMXZRTypchn1EzXLcSvi5HpZQSfTEFTPZbp4UxMdyFIj7CpYNOn4Qzzyoil9g==",
                            "secondary_blob_connection_string": "",
                            "secondary_connection_string": "DefaultEndpointsProtocol=https;AccountName=sasred;AccountKey=WQCP3r42t+abj1ZNPuHksaiE7cMXZRTypchn1EzXLcSvi5HpZQSfTEFTPZbp4UxMdyFIj7CpYNOn4Qzzyoil9g==;EndpointSuffix=core.windows.net",
                            "secondary_location": "",
                            "tags.%": "0"
                        },
                        "meta": {
                            "schema_version": "2"
                        },
                        "tainted": false
                    },
                    "deposed": [],
                    "provider": "provider.azurerm"
                },
                "azurerm_storage_container.demo": {
                    "type": "azurerm_storage_container",
                    "depends_on": [
                        "azurerm_resource_group.demo",
                        "azurerm_storage_account.demo"
                    ],
                    "primary": {
                        "id": "https://sasred.blob.core.windows.net/vhds",
                        "attributes": {
                            "container_access_type": "private",
                            "id": "https://sasred.blob.core.windows.net/vhds",
                            "name": "vhds",
                            "properties.%": "4",
                            "properties.last_modified": "Tue, 25 Jun 2019 18:21:55 GMT",
                            "properties.lease_duration": "infinite",
                            "properties.lease_state": "leased",
                            "properties.lease_status": "locked",
                            "resource_group_name": "rgxauecmvnw01",
                            "storage_account_name": "sasred"
                        },
                        "meta": {
                            "schema_version": "1"
                        },
                        "tainted": false
                    },
                    "deposed": [],
                    "provider": "provider.azurerm"
                },
                "azurerm_virtual_network.demo.0": {
                    "type": "azurerm_virtual_network",
                    "depends_on": [
                        "azurerm_resource_group.demo"
                    ],
                    "primary": {
                        "id": "/subscriptions/b6885f0f-19fe-4d58-bf52-7d0dd407a6e4/resourceGroups/rgxauecmvnw01/providers/Microsoft.Network/virtualNetworks/vnxauecmunu00",
                        "attributes": {
                            "address_space.#": "1",
                            "address_space.0": "172.16.0.0/24",
                            "ddos_protection_plan.#": "0",
                            "dns_servers.#": "0",
                            "id": "/subscriptions/b6885f0f-19fe-4d58-bf52-7d0dd407a6e4/resourceGroups/rgxauecmvnw01/providers/Microsoft.Network/virtualNetworks/vnxauecmunu00",
                            "location": "eastus",
                            "name": "vnxauecmunu00",
                            "resource_group_name": "rgxauecmvnw01",
                            "subnet.#": "1",
                            "subnet.1566892385.address_prefix": "172.16.0.0/24",
                            "subnet.1566892385.id": "/subscriptions/b6885f0f-19fe-4d58-bf52-7d0dd407a6e4/resourceGroups/rgxauecmvnw01/providers/Microsoft.Network/virtualNetworks/vnxauecmunu00/subnets/snxauecmunu00",
                            "subnet.1566892385.name": "snxauecmunu00",
                            "subnet.1566892385.security_group": "",
                            "tags.%": "0"
                        },
                        "meta": {},
                        "tainted": false
                    },
                    "deposed": [],
                    "provider": "provider.azurerm"
                }
            },
            "depends_on": []
        }
    ]
}
